// !$*UTF8*$!
{
	archiveVersion = 1;
	classes = {
	};
	objectVersion = 48;
	objects = {

/* Begin PBXBuildFile section */
		72C371941FEB038800E10CBA /* main.cpp in Sources */ = {isa = PBXBuildFile; fileRef = 72C371931FEB038800E10CBA /* main.cpp */; };
		72C3719D1FEB03A400E10CBA /* PracticalSocket.cpp in Sources */ = {isa = PBXBuildFile; fileRef = 72C3719B1FEB03A400E10CBA /* PracticalSocket.cpp */; };
		72C371A11FEB03B200E10CBA /* SurveyCommon.cpp in Sources */ = {isa = PBXBuildFile; fileRef = 72C3719F1FEB03B200E10CBA /* SurveyCommon.cpp */; };
/* End PBXBuildFile section */

/* Begin PBXCopyFilesBuildPhase section */
		72C3718E1FEB038800E10CBA /* CopyFiles */ = {
			isa = PBXCopyFilesBuildPhase;
			buildActionMask = 2147483647;
			dstPath = /usr/share/man/man1/;
			dstSubfolderSpec = 0;
			files = (
			);
			runOnlyForDeploymentPostprocessing = 1;
		};
/* End PBXCopyFilesBuildPhase section */

/* Begin PBXFileReference section */
		72C371901FEB038800E10CBA /* AdminClient2 */ = {isa = PBXFileReference; explicitFileType = "compiled.mach-o.executable"; includeInIndex = 0; path = AdminClient2; sourceTree = BUILT_PRODUCTS_DIR; };
		72C371931FEB038800E10CBA /* main.cpp */ = {isa = PBXFileReference; lastKnownFileType = sourcecode.cpp.cpp; path = main.cpp; sourceTree = "<group>"; };
		72C3719B1FEB03A400E10CBA /* PracticalSocket.cpp */ = {isa = PBXFileReference; fileEncoding = 4; lastKnownFileType = sourcecode.cpp.cpp; name = PracticalSocket.cpp; path = ../../PracticalSocket/PracticalSocket.cpp; sourceTree = "<group>"; };
		72C3719C1FEB03A400E10CBA /* PracticalSocket.h */ = {isa = PBXFileReference; fileEncoding = 4; lastKnownFileType = sourcecode.c.h; name = PracticalSocket.h; path = ../../PracticalSocket/PracticalSocket.h; sourceTree = "<group>"; };
		72C3719F1FEB03B200E10CBA /* SurveyCommon.cpp */ = {isa = PBXFileReference; fileEncoding = 4; lastKnownFileType = sourcecode.cpp.cpp; name = SurveyCommon.cpp; path = ../../common/SurveyCommon.cpp; sourceTree = "<group>"; };
		72C371A01FEB03B200E10CBA /* SurveyCommon.hpp */ = {isa = PBXFileReference; fileEncoding = 4; lastKnownFileType = sourcecode.cpp.h; name = SurveyCommon.hpp; path = ../../common/SurveyCommon.hpp; sourceTree = "<group>"; };
/* End PBXFileReference section */

/* Begin PBXFrameworksBuildPhase section */
		72C3718D1FEB038800E10CBA /* Frameworks */ = {
			isa = PBXFrameworksBuildPhase;
			buildActionMask = 2147483647;
			files = (
			);
			runOnlyForDeploymentPostprocessing = 0;
		};
/* End PBXFrameworksBuildPhase section */

/* Begin PBXGroup section */
		72C371871FEB038700E10CBA = {
			isa = PBXGroup;
			children = (
				72C371921FEB038800E10CBA /* AdminClient2 */,
				72C371911FEB038800E10CBA /* Products */,
			);
			sourceTree = "<group>";
		};
		72C371911FEB038800E10CBA /* Products */ = {
			isa = PBXGroup;
			children = (
				72C371901FEB038800E10CBA /* AdminClient2 */,
			);
			name = Products;
			sourceTree = "<group>";
		};
		72C371921FEB038800E10CBA /* AdminClient2 */ = {
			isa = PBXGroup;
			children = (
				72C3719E1FEB03A900E10CBA /* SurveyCommon */,
				72C3719A1FEB039600E10CBA /* PracticalSocket */,
				72C371931FEB038800E10CBA /* main.cpp */,
			);
			path = AdminClient2;
			sourceTree = "<group>";
		};
		72C3719A1FEB039600E10CBA /* PracticalSocket */ = {
			isa = PBXGroup;
			children = (
				72C3719B1FEB03A400E10CBA /* PracticalSocket.cpp */,
				72C3719C1FEB03A400E10CBA /* PracticalSocket.h */,
			);
			name = PracticalSocket;
			sourceTree = "<group>";
		};
		72C3719E1FEB03A900E10CBA /* SurveyCommon */ = {
			isa = PBXGroup;
			children = (
				72C3719F1FEB03B200E10CBA /* SurveyCommon.cpp */,
				72C371A01FEB03B200E10CBA /* SurveyCommon.hpp */,
			);
			name = SurveyCommon;
			sourceTree = "<group>";
		};
/* End PBXGroup section */

/* Begin PBXNativeTarget section */
		72C3718F1FEB038800E10CBA /* AdminClient2 */ = {
			isa = PBXNativeTarget;
			buildConfigurationList = 72C371971FEB038800E10CBA /* Build configuration list for PBXNativeTarget "AdminClient2" */;
			buildPhases = (
				72C3718C1FEB038800E10CBA /* Sources */,
				72C3718D1FEB038800E10CBA /* Frameworks */,
				72C3718E1FEB038800E10CBA /* CopyFiles */,
			);
			buildRules = (
			);
			dependencies = (
			);
			name = AdminClient2;
			productName = AdminClient2;
			productReference = 72C371901FEB038800E10CBA /* AdminClient2 */;
			productType = "com.apple.product-type.tool";
		};
/* End PBXNativeTarget section */

/* Begin PBXProject section */
		72C371881FEB038700E10CBA /* Project object */ = {
			isa = PBXProject;
			attributes = {
				LastUpgradeCheck = 0900;
				ORGANIZATIONNAME = "Anton Kovalchuk";
				TargetAttributes = {
					72C3718F1FEB038800E10CBA = {
						CreatedOnToolsVersion = 9.0;
						ProvisioningStyle = Automatic;
					};
				};
			};
			buildConfigurationList = 72C3718B1FEB038700E10CBA /* Build configuration list for PBXProject "AdminClient2" */;
			compatibilityVersion = "Xcode 8.0";
			developmentRegion = en;
			hasScannedForEncodings = 0;
			knownRegions = (
				en,
			);
			mainGroup = 72C371871FEB038700E10CBA;
			productRefGroup = 72C371911FEB038800E10CBA /* Products */;
			projectDirPath = "";
			projectRoot = "";
			targets = (
				72C3718F1FEB038800E10CBA /* AdminClient2 */,
			);
		};
/* End PBXProject section */

/* Begin PBXSourcesBuildPhase section */
		72C3718C1FEB038800E10CBA /* Sources */ = {
			isa = PBXSourcesBuildPhase;
			buildActionMask = 2147483647;
			files = (
				72C371A11FEB03B200E10CBA /* SurveyCommon.cpp in Sources */,
				72C3719D1FEB03A400E10CBA /* PracticalSocket.cpp in Sources */,
				72C371941FEB038800E10CBA /* main.cpp in Sources */,
			);
			runOnlyForDeploymentPostprocessing = 0;
		};
/* End PBXSourcesBuildPhase section */

/* Begin XCBuildConfiguration section */
		72C371951FEB038800E10CBA /* Debug */ = {
			isa = XCBuildConfiguration;
			buildSettings = {
				ALWAYS_SEARCH_USER_PATHS = NO;
				CLANG_ANALYZER_NONNULL = YES;
				CLANG_ANALYZER_NUMBER_OBJECT_CONVERSION = YES_AGGRESSIVE;
				CLANG_CXX_LANGUAGE_STANDARD = "gnu++14";
				CLANG_CXX_LIBRARY = "libc++";
				CLANG_ENABLE_MODULES = YES;
				CLANG_ENABLE_OBJC_ARC = YES;
				CLANG_WARN_BLOCK_CAPTURE_AUTORELEASING = YES;
				CLANG_WARN_BOOL_CONVERSION = YES;
				CLANG_WARN_COMMA = YES;
				CLANG_WARN_CONSTANT_CONVERSION = YES;
				CLANG_WARN_DIRECT_OBJC_ISA_USAGE = YES_ERROR;
				CLANG_WARN_DOCUMENTATION_COMMENTS = YES;
				CLANG_WARN_EMPTY_BODY = YES;
				CLANG_WARN_ENUM_CONVERSION = YES;
				CLANG_WARN_INFINITE_RECURSION = YES;
				CLANG_WARN_INT_CONVERSION = YES;
				CLANG_WARN_NON_LITERAL_NULL_CONVERSION = YES;
				CLANG_WARN_OBJC_LITERAL_CONVERSION = YES;
				CLANG_WARN_OBJC_ROOT_CLASS = YES_ERROR;
				CLANG_WARN_RANGE_LOOP_ANALYSIS = YES;
				CLANG_WARN_STRICT_PROTOTYPES = YES;
				CLANG_WARN_SUSPICIOUS_MOVE = YES;
				CLANG_WARN_UNGUARDED_AVAILABILITY = YES_AGGRESSIVE;
				CLANG_WARN_UNREACHABLE_CODE = YES;
				CLANG_WARN__DUPLICATE_METHOD_MATCH = YES;
				CODE_SIGN_IDENTITY = "-";
				COPY_PHASE_STRIP = NO;
				DEBUG_INFORMATION_FORMAT = dwarf;
				ENABLE_STRICT_OBJC_MSGSEND = YES;
				ENABLE_TESTABILITY = YES;
				GCC_C_LANGUAGE_STANDARD = gnu11;
				GCC_DYNAMIC_NO_PIC = NO;
				GCC_NO_COMMON_BLOCKS = YES;
				GCC_OPTIMIZATION_LEVEL = 0;
				GCC_PREPROCESSOR_DEFINITIONS = (
					"DEBUG=1",
					"$(inherited)",
				);
				GCC_WARN_64_TO_32_BIT_CONVERSION = YES;
				GCC_WARN_ABOUT_RETURN_TYPE = YES_ERROR;
				GCC_WARN_UNDECLARED_SELECTOR = YES;
				GCC_WARN_UNINITIALIZED_AUTOS = YES_AGGRESSIVE;
				GCC_WARN_UNUSED_FUNCTION = YES;
				GCC_WARN_UNUSED_VARIABLE = YES;
				MACOSX_DEPLOYMENT_TARGET = 10.12;
				MTL_ENABLE_DEBUG_INFO = YES;
				ONLY_ACTIVE_ARCH = YES;
				SDKROOT = macosx;
			};
			name = Debug;
		};
		72C371961FEB038800E10CBA /* Release */ = {
			isa = XCBuildConfiguration;
			buildSettings = {
				ALWAYS_SEARCH_USER_PATHS = NO;
				CLANG_ANALYZER_NONNULL = YES;
				CLANG_ANALYZER_NUMBER_OBJECT_CONVERSION = YES_AGGRESSIVE;
				CLANG_CXX_LANGUAGE_STANDARD = "gnu++14";
				CLANG_CXX_LIBRARY = "libc++";
				CLANG_ENABLE_MODULES = YES;
				CLANG_ENABLE_OBJC_ARC = YES;
				CLANG_WARN_BLOCK_CAPTURE_AUTORELEASING = YES;
				CLANG_WARN_BOOL_CONVERSION = YES;
				CLANG_WARN_COMMA = YES;
				CLANG_WARN_CONSTANT_CONVERSION = YES;
				CLANG_WARN_DIRECT_OBJC_ISA_USAGE = YES_ERROR;
				CLANG_WARN_DOCUMENTATION_COMMENTS = YES;
				CLANG_WARN_EMPTY_BODY = YES;
				CLANG_WARN_ENUM_CONVERSION = YES;
				CLANG_WARN_INFINITE_RECURSION = YES;
				CLANG_WARN_INT_CONVERSION = YES;
				CLANG_WARN_NON_LITERAL_NULL_CONVERSION = YES;
				CLANG_WARN_OBJC_LITERAL_CONVERSION = YES;
				CLANG_WARN_OBJC_ROOT_CLASS = YES_ERROR;
				CLANG_WARN_RANGE_LOOP_ANALYSIS = YES;
				CLANG_WARN_STRICT_PROTOTYPES = YES;
				CLANG_WARN_SUSPICIOUS_MOVE = YES;
				CLANG_WARN_UNGUARDED_AVAILABILITY = YES_AGGRESSIVE;
				CLANG_WARN_UNREACHABLE_CODE = YES;
				CLANG_WARN__DUPLICATE_METHOD_MATCH = YES;
				CODE_SIGN_IDENTITY = "-";
				COPY_PHASE_STRIP = NO;
				DEBUG_INFORMATION_FORMAT = "dwarf-with-dsym";
				ENABLE_NS_ASSERTIONS = NO;
				ENABLE_STRICT_OBJC_MSGSEND = YES;
				GCC_C_LANGUAGE_STANDARD = gnu11;
				GCC_NO_COMMON_BLOCKS = YES;
				GCC_WARN_64_TO_32_BIT_CONVERSION = YES;
				GCC_WARN_ABOUT_RETURN_TYPE = YES_ERROR;
				GCC_WARN_UNDECLARED_SELECTOR = YES;
				GCC_WARN_UNINITIALIZED_AUTOS = YES_AGGRESSIVE;
				GCC_WARN_UNUSED_FUNCTION = YES;
				GCC_WARN_UNUSED_VARIABLE = YES;
				MACOSX_DEPLOYMENT_TARGET = 10.12;
				MTL_ENABLE_DEBUG_INFO = NO;
				SDKROOT = macosx;
			};
			name = Release;
		};
		72C371981FEB038800E10CBA /* Debug */ = {
			isa = XCBuildConfiguration;
			buildSettings = {
				CODE_SIGN_STYLE = Automatic;
				PRODUCT_NAME = "$(TARGET_NAME)";
			};
			name = Debug;
		};
		72C371991FEB038800E10CBA /* Release */ = {
			isa = XCBuildConfiguration;
			buildSettings = {
				CODE_SIGN_STYLE = Automatic;
				PRODUCT_NAME = "$(TARGET_NAME)";
			};
			name = Release;
		};
/* End XCBuildConfiguration section */

/* Begin XCConfigurationList section */
		72C3718B1FEB038700E10CBA /* Build configuration list for PBXProject "AdminClient2" */ = {
			isa = XCConfigurationList;
			buildConfigurations = (
				72C371951FEB038800E10CBA /* Debug */,
				72C371961FEB038800E10CBA /* Release */,
			);
			defaultConfigurationIsVisible = 0;
			defaultConfigurationName = Release;
		};
		72C371971FEB038800E10CBA /* Build configuration list for PBXNativeTarget "AdminClient2" */ = {
			isa = XCConfigurationList;
			buildConfigurations = (
				72C371981FEB038800E10CBA /* Debug */,
				72C371991FEB038800E10CBA /* Release */,
			);
			defaultConfigurationIsVisible = 0;
			defaultConfigurationName = Release;
		};
/* End XCConfigurationList section */
	};
	rootObject = 72C371881FEB038700E10CBA /* Project object */;
}
