<?xml version="1.0" encoding="UTF-8"?>
<Scheme
   LastUpgradeVersion = "0830"
   version = "1.3">
   <BuildAction
      parallelizeBuildables = "YES"
      buildImplicitDependencies = "YES">
      <BuildActionEntries>
         <BuildActionEntry
            buildForTesting = "YES"
            buildForRunning = "YES"
            buildForProfiling = "YES"
            buildForArchiving = "YES"
            buildForAnalyzing = "YES">
            <BuildableReference
               BuildableIdentifier = "primary"
               BlueprintIdentifier = "72E397C61EA36E310034F050"
               BuildableName = "TCPEchoClient"
               BlueprintName = "TCPEchoClient"
               ReferencedContainer = "container:TCPEchoClient.xcodeproj">
            </BuildableReference>
         </BuildActionEntry>
      </BuildActionEntries>
   </BuildAction>
   <TestAction
      buildConfiguration = "Debug"
      selectedDebuggerIdentifier = "Xcode.DebuggerFoundation.Debugger.LLDB"
      selectedLauncherIdentifier = "Xcode.DebuggerFoundation.Launcher.LLDB"
      language = ""
      shouldUseLaunchSchemeArgsEnv = "YES">
      <Testables>
      </Testables>
      <MacroExpansion>
         <BuildableReference
            BuildableIdentifier = "primary"
            BlueprintIdentifier = "72E397C61EA36E310034F050"
            BuildableName = "TCPEchoClient"
            BlueprintName = "TCPEchoClient"
            ReferencedContainer = "container:TCPEchoClient.xcodeproj">
         </BuildableReference>
      </MacroExpansion>
      <AdditionalOptions>
      </AdditionalOptions>
   </TestAction>
   <LaunchAction
      buildConfiguration = "Debug"
      selectedDebuggerIdentifier = "Xcode.DebuggerFoundation.Debugger.LLDB"
      selectedLauncherIdentifier = "Xcode.DebuggerFoundation.Launcher.LLDB"
      language = ""
      launchStyle = "0"
      useCustomWorkingDirectory = "NO"
      ignoresPersistentStateOnLaunch = "NO"
      debugDocumentVersioning = "YES"
      debugServiceExtension = "internal"
      allowLocationSimulation = "YES">
      <BuildableProductRunnable
         runnableDebuggingMode = "0">
         <BuildableReference
            BuildableIdentifier = "primary"
            BlueprintIdentifier = "72E397C61EA36E310034F050"
            BuildableName = "TCPEchoClient"
            BlueprintName = "TCPEchoClient"
            ReferencedContainer = "container:TCPEchoClient.xcodeproj">
         </BuildableReference>
      </BuildableProductRunnable>
      <CommandLineArguments>
         <CommandLineArgument
            argument = "127.0.0.1"
            isEnabled = "YES">
         </CommandLineArgument>
         <CommandLineArgument
            argument = "&quot;Hello New blood joins this earth&#10;And quickly he&apos;s subdued&#10;Through constant pained disgrace&#10;The young boy learns their rules&#10;With time the child draws in&#10;This whipping boy done wrong&#10;Deprived of all his thoughts&#10;The young man struggles on and on he&apos;s known&#10;A vow unto his own&#10;That never from this day&#10;His will they&apos;ll take away-easy&#10;What I&apos;ve felt&#10;What I&apos;ve known&#10;Never shined through in what I&apos;ve shown&#10;Never be&#10;Never see&#10;Won&apos;t see what might have been&#10;What I&apos;ve felt&#10;What I&apos;ve known&#10;Never shined through in what I&apos;ve shown&#10;Never free&#10;Never me&#10;So I dub thee Un-forgiven Hello New blood joins this earth&#10;And quickly he&apos;s subdued&#10;Through constant pained disgrace&#10;The young boy learns their rules&#10;With time the child draws in&#10;This whipping boy done wrong&#10;Deprived of all his thoughts&#10;The young man struggles on and on he&apos;s known&#10;A vow unto his own&#10;That never from this day&#10;His will they&apos;ll take away-easy&#10;What I&apos;ve felt&#10;What I&apos;ve known&#10;Never shined through in what I&apos;ve shown&#10;Never be&#10;Never see&#10;Won&apos;t see what might have been&#10;What I&apos;ve felt&#10;What I&apos;ve known&#10;Never shined through in what I&apos;ve shown&#10;Never free&#10;Never me&#10;So I dub thee Un-forgiven Hello New blood joins this earth&#10;And quickly he&apos;s subdued&#10;Through constant pained disgrace&#10;The young boy learns their rules&#10;With time the child draws in&#10;This whipping boy done wrong&#10;Deprived of all his thoughts&#10;The young man struggles on and on he&apos;s known&#10;A vow unto his own&#10;That never from this day&#10;His will they&apos;ll take away-easy&#10;What I&apos;ve felt&#10;What I&apos;ve known&#10;Never shined through in what I&apos;ve shown&#10;Never be&#10;Never see&#10;Won&apos;t see what might have been&#10;What I&apos;ve felt&#10;What I&apos;ve known&#10;Never shined through in what I&apos;ve shown&#10;Never free&#10;Never me&#10;So I dub thee Un-forgiven&quot;"
            isEnabled = "YES">
         </CommandLineArgument>
         <CommandLineArgument
            argument = "5000"
            isEnabled = "YES">
         </CommandLineArgument>
      </CommandLineArguments>
      <AdditionalOptions>
      </AdditionalOptions>
   </LaunchAction>
   <ProfileAction
      buildConfiguration = "Release"
      shouldUseLaunchSchemeArgsEnv = "YES"
      savedToolIdentifier = ""
      useCustomWorkingDirectory = "NO"
      debugDocumentVersioning = "YES">
      <BuildableProductRunnable
         runnableDebuggingMode = "0">
         <BuildableReference
            BuildableIdentifier = "primary"
            BlueprintIdentifier = "72E397C61EA36E310034F050"
            BuildableName = "TCPEchoClient"
            BlueprintName = "TCPEchoClient"
            ReferencedContainer = "container:TCPEchoClient.xcodeproj">
         </BuildableReference>
      </BuildableProductRunnable>
   </ProfileAction>
   <AnalyzeAction
      buildConfiguration = "Debug">
   </AnalyzeAction>
   <ArchiveAction
      buildConfiguration = "Release"
      revealArchiveInOrganizer = "YES">
   </ArchiveAction>
</Scheme>
