// !$*UTF8*$!
{
	archiveVersion = 1;
	classes = {
	};
	objectVersion = 46;
	objects = {

/* Begin PBXBuildFile section */
		721496DB1EA55C5600364E56 /* main.c in Sources */ = {isa = PBXBuildFile; fileRef = 721496DA1EA55C5600364E56 /* main.c */; };
		721496E31EA55C6600364E56 /* TCPClientUtility.c in Sources */ = {isa = PBXBuildFile; fileRef = 721496E11EA55C6600364E56 /* TCPClientUtility.c */; };
/* End PBXBuildFile section */

/* Begin PBXCopyFilesBuildPhase section */
		721496D51EA55C5600364E56 /* CopyFiles */ = {
			isa = PBXCopyFilesBuildPhase;
			buildActionMask = 2147483647;
			dstPath = /usr/share/man/man1/;
			dstSubfolderSpec = 0;
			files = (
			);
			runOnlyForDeploymentPostprocessing = 1;
		};
/* End PBXCopyFilesBuildPhase section */

/* Begin PBXFileReference section */
		721496D71EA55C5600364E56 /* GenericTCPClient */ = {isa = PBXFileReference; explicitFileType = "compiled.mach-o.executable"; includeInIndex = 0; path = GenericTCPClient; sourceTree = BUILT_PRODUCTS_DIR; };
		721496DA1EA55C5600364E56 /* main.c */ = {isa = PBXFileReference; lastKnownFileType = sourcecode.c.c; path = main.c; sourceTree = "<group>"; };
		721496E11EA55C6600364E56 /* TCPClientUtility.c */ = {isa = PBXFileReference; fileEncoding = 4; lastKnownFileType = sourcecode.c.c; path = TCPClientUtility.c; sourceTree = "<group>"; };
		721496E21EA55C6600364E56 /* TCPClientUtility.h */ = {isa = PBXFileReference; fileEncoding = 4; lastKnownFileType = sourcecode.c.h; path = TCPClientUtility.h; sourceTree = "<group>"; };
/* End PBXFileReference section */

/* Begin PBXFrameworksBuildPhase section */
		721496D41EA55C5600364E56 /* Frameworks */ = {
			isa = PBXFrameworksBuildPhase;
			buildActionMask = 2147483647;
			files = (
			);
			runOnlyForDeploymentPostprocessing = 0;
		};
/* End PBXFrameworksBuildPhase section */

/* Begin PBXGroup section */
		721496CE1EA55C5600364E56 = {
			isa = PBXGroup;
			children = (
				721496D91EA55C5600364E56 /* GenericTCPClient */,
				721496D81EA55C5600364E56 /* Products */,
			);
			sourceTree = "<group>";
		};
		721496D81EA55C5600364E56 /* Products */ = {
			isa = PBXGroup;
			children = (
				721496D71EA55C5600364E56 /* GenericTCPClient */,
			);
			name = Products;
			sourceTree = "<group>";
		};
		721496D91EA55C5600364E56 /* GenericTCPClient */ = {
			isa = PBXGroup;
			children = (
				721496DA1EA55C5600364E56 /* main.c */,
				721496E11EA55C6600364E56 /* TCPClientUtility.c */,
				721496E21EA55C6600364E56 /* TCPClientUtility.h */,
			);
			path = GenericTCPClient;
			sourceTree = "<group>";
		};
/* End PBXGroup section */

/* Begin PBXNativeTarget section */
		721496D61EA55C5600364E56 /* GenericTCPClient */ = {
			isa = PBXNativeTarget;
			buildConfigurationList = 721496DE1EA55C5600364E56 /* Build configuration list for PBXNativeTarget "GenericTCPClient" */;
			buildPhases = (
				721496D31EA55C5600364E56 /* Sources */,
				721496D41EA55C5600364E56 /* Frameworks */,
				721496D51EA55C5600364E56 /* CopyFiles */,
			);
			buildRules = (
			);
			dependencies = (
			);
			name = GenericTCPClient;
			productName = GenericTCPClient;
			productReference = 721496D71EA55C5600364E56 /* GenericTCPClient */;
			productType = "com.apple.product-type.tool";
		};
/* End PBXNativeTarget section */

/* Begin PBXProject section */
		721496CF1EA55C5600364E56 /* Project object */ = {
			isa = PBXProject;
			attributes = {
				LastUpgradeCheck = 0830;
				ORGANIZATIONNAME = "Anton Kovalchuk";
				TargetAttributes = {
					721496D61EA55C5600364E56 = {
						CreatedOnToolsVersion = 8.3;
						ProvisioningStyle = Automatic;
					};
				};
			};
			buildConfigurationList = 721496D21EA55C5600364E56 /* Build configuration list for PBXProject "GenericTCPClient" */;
			compatibilityVersion = "Xcode 3.2";
			developmentRegion = English;
			hasScannedForEncodings = 0;
			knownRegions = (
				en,
			);
			mainGroup = 721496CE1EA55C5600364E56;
			productRefGroup = 721496D81EA55C5600364E56 /* Products */;
			projectDirPath = "";
			projectRoot = "";
			targets = (
				721496D61EA55C5600364E56 /* GenericTCPClient */,
			);
		};
/* End PBXProject section */

/* Begin PBXSourcesBuildPhase section */
		721496D31EA55C5600364E56 /* Sources */ = {
			isa = PBXSourcesBuildPhase;
			buildActionMask = 2147483647;
			files = (
				721496DB1EA55C5600364E56 /* main.c in Sources */,
				721496E31EA55C6600364E56 /* TCPClientUtility.c in Sources */,
			);
			runOnlyForDeploymentPostprocessing = 0;
		};
/* End PBXSourcesBuildPhase section */

/* Begin XCBuildConfiguration section */
		721496DC1EA55C5600364E56 /* Debug */ = {
			isa = XCBuildConfiguration;
			buildSettings = {
				ALWAYS_SEARCH_USER_PATHS = NO;
				CLANG_ANALYZER_NONNULL = YES;
				CLANG_ANALYZER_NUMBER_OBJECT_CONVERSION = YES_AGGRESSIVE;
				CLANG_CXX_LANGUAGE_STANDARD = "gnu++0x";
				CLANG_CXX_LIBRARY = "libc++";
				CLANG_ENABLE_MODULES = YES;
				CLANG_ENABLE_OBJC_ARC = YES;
				CLANG_WARN_BOOL_CONVERSION = YES;
				CLANG_WARN_CONSTANT_CONVERSION = YES;
				CLANG_WARN_DIRECT_OBJC_ISA_USAGE = YES_ERROR;
				CLANG_WARN_DOCUMENTATION_COMMENTS = YES;
				CLANG_WARN_EMPTY_BODY = YES;
				CLANG_WARN_ENUM_CONVERSION = YES;
				CLANG_WARN_INFINITE_RECURSION = YES;
				CLANG_WARN_INT_CONVERSION = YES;
				CLANG_WARN_OBJC_ROOT_CLASS = YES_ERROR;
				CLANG_WARN_SUSPICIOUS_MOVE = YES;
				CLANG_WARN_UNREACHABLE_CODE = YES;
				CLANG_WARN__DUPLICATE_METHOD_MATCH = YES;
				CODE_SIGN_IDENTITY = "-";
				COPY_PHASE_STRIP = NO;
				DEBUG_INFORMATION_FORMAT = dwarf;
				ENABLE_STRICT_OBJC_MSGSEND = YES;
				ENABLE_TESTABILITY = YES;
				GCC_C_LANGUAGE_STANDARD = gnu99;
				GCC_DYNAMIC_NO_PIC = NO;
				GCC_NO_COMMON_BLOCKS = YES;
				GCC_OPTIMIZATION_LEVEL = 0;
				GCC_PREPROCESSOR_DEFINITIONS = (
					"DEBUG=1",
					"$(inherited)",
				);
				GCC_WARN_64_TO_32_BIT_CONVERSION = YES;
				GCC_WARN_ABOUT_RETURN_TYPE = YES_ERROR;
				GCC_WARN_UNDECLARED_SELECTOR = YES;
				GCC_WARN_UNINITIALIZED_AUTOS = YES_AGGRESSIVE;
				GCC_WARN_UNUSED_FUNCTION = YES;
				GCC_WARN_UNUSED_VARIABLE = YES;
				MACOSX_DEPLOYMENT_TARGET = 10.12;
				MTL_ENABLE_DEBUG_INFO = YES;
				ONLY_ACTIVE_ARCH = YES;
				SDKROOT = macosx;
			};
			name = Debug;
		};
		721496DD1EA55C5600364E56 /* Release */ = {
			isa = XCBuildConfiguration;
			buildSettings = {
				ALWAYS_SEARCH_USER_PATHS = NO;
				CLANG_ANALYZER_NONNULL = YES;
				CLANG_ANALYZER_NUMBER_OBJECT_CONVERSION = YES_AGGRESSIVE;
				CLANG_CXX_LANGUAGE_STANDARD = "gnu++0x";
				CLANG_CXX_LIBRARY = "libc++";
				CLANG_ENABLE_MODULES = YES;
				CLANG_ENABLE_OBJC_ARC = YES;
				CLANG_WARN_BOOL_CONVERSION = YES;
				CLANG_WARN_CONSTANT_CONVERSION = YES;
				CLANG_WARN_DIRECT_OBJC_ISA_USAGE = YES_ERROR;
				CLANG_WARN_DOCUMENTATION_COMMENTS = YES;
				CLANG_WARN_EMPTY_BODY = YES;
				CLANG_WARN_ENUM_CONVERSION = YES;
				CLANG_WARN_INFINITE_RECURSION = YES;
				CLANG_WARN_INT_CONVERSION = YES;
				CLANG_WARN_OBJC_ROOT_CLASS = YES_ERROR;
				CLANG_WARN_SUSPICIOUS_MOVE = YES;
				CLANG_WARN_UNREACHABLE_CODE = YES;
				CLANG_WARN__DUPLICATE_METHOD_MATCH = YES;
				CODE_SIGN_IDENTITY = "-";
				COPY_PHASE_STRIP = NO;
				DEBUG_INFORMATION_FORMAT = "dwarf-with-dsym";
				ENABLE_NS_ASSERTIONS = NO;
				ENABLE_STRICT_OBJC_MSGSEND = YES;
				GCC_C_LANGUAGE_STANDARD = gnu99;
				GCC_NO_COMMON_BLOCKS = YES;
				GCC_WARN_64_TO_32_BIT_CONVERSION = YES;
				GCC_WARN_ABOUT_RETURN_TYPE = YES_ERROR;
				GCC_WARN_UNDECLARED_SELECTOR = YES;
				GCC_WARN_UNINITIALIZED_AUTOS = YES_AGGRESSIVE;
				GCC_WARN_UNUSED_FUNCTION = YES;
				GCC_WARN_UNUSED_VARIABLE = YES;
				MACOSX_DEPLOYMENT_TARGET = 10.12;
				MTL_ENABLE_DEBUG_INFO = NO;
				SDKROOT = macosx;
			};
			name = Release;
		};
		721496DF1EA55C5600364E56 /* Debug */ = {
			isa = XCBuildConfiguration;
			buildSettings = {
				PRODUCT_NAME = "$(TARGET_NAME)";
			};
			name = Debug;
		};
		721496E01EA55C5600364E56 /* Release */ = {
			isa = XCBuildConfiguration;
			buildSettings = {
				PRODUCT_NAME = "$(TARGET_NAME)";
			};
			name = Release;
		};
/* End XCBuildConfiguration section */

/* Begin XCConfigurationList section */
		721496D21EA55C5600364E56 /* Build configuration list for PBXProject "GenericTCPClient" */ = {
			isa = XCConfigurationList;
			buildConfigurations = (
				721496DC1EA55C5600364E56 /* Debug */,
				721496DD1EA55C5600364E56 /* Release */,
			);
			defaultConfigurationIsVisible = 0;
			defaultConfigurationName = Release;
		};
		721496DE1EA55C5600364E56 /* Build configuration list for PBXNativeTarget "GenericTCPClient" */ = {
			isa = XCConfigurationList;
			buildConfigurations = (
				721496DF1EA55C5600364E56 /* Debug */,
				721496E01EA55C5600364E56 /* Release */,
			);
			defaultConfigurationIsVisible = 0;
		};
/* End XCConfigurationList section */
	};
	rootObject = 721496CF1EA55C5600364E56 /* Project object */;
}
